// !$*UTF8*$!
{
	archiveVersion = 1;
	classes = {
	};
	objectVersion = 50;
	objects = {

/* Begin PBXBuildFile section */
		1CBA5C3326899D6A007DBFE0 /* AppDelegate.m in Sources */ = {isa = PBXBuildFile; fileRef = 1CBA5C3226899D6A007DBFE0 /* AppDelegate.m */; };
		1CBA5C3626899D6A007DBFE0 /* SceneDelegate.m in Sources */ = {isa = PBXBuildFile; fileRef = 1CBA5C3526899D6A007DBFE0 /* SceneDelegate.m */; };
		1CBA5C3926899D6A007DBFE0 /* ViewController.m in Sources */ = {isa = PBXBuildFile; fileRef = 1CBA5C3826899D6A007DBFE0 /* ViewController.m */; };
		1CBA5C3C26899D6A007DBFE0 /* Main.storyboard in Resources */ = {isa = PBXBuildFile; fileRef = 1CBA5C3A26899D6A007DBFE0 /* Main.storyboard */; };
		1CBA5C3E26899D6A007DBFE0 /* Assets.xcassets in Resources */ = {isa = PBXBuildFile; fileRef = 1CBA5C3D26899D6A007DBFE0 /* Assets.xcassets */; };
		1CBA5C4126899D6A007DBFE0 /* LaunchScreen.storyboard in Resources */ = {isa = PBXBuildFile; fileRef = 1CBA5C3F26899D6A007DBFE0 /* LaunchScreen.storyboard */; };
		1CBA5C4426899D6A007DBFE0 /* main.m in Sources */ = {isa = PBXBuildFile; fileRef = 1CBA5C4326899D6A007DBFE0 /* main.m */; };
		1CBA5C902689E12F007DBFE0 /* HiCornerView.m in Sources */ = {isa = PBXBuildFile; fileRef = 1CBA5C8F2689E12F007DBFE0 /* HiCornerView.m */; };
		75D67B6C817BFA05F0DC8BBE /* libPods-HIExension.a in Frameworks */ = {isa = PBXBuildFile; fileRef = 7AD73589D6C5388C049EBBA0 /* libPods-HIExension.a */; };
/* End PBXBuildFile section */

/* Begin PBXFileReference section */
		1CBA5C2E26899D6A007DBFE0 /* HIExension.app */ = {isa = PBXFileReference; explicitFileType = wrapper.application; includeInIndex = 0; path = HIExension.app; sourceTree = BUILT_PRODUCTS_DIR; };
		1CBA5C3126899D6A007DBFE0 /* AppDelegate.h */ = {isa = PBXFileReference; lastKnownFileType = sourcecode.c.h; path = AppDelegate.h; sourceTree = "<group>"; };
		1CBA5C3226899D6A007DBFE0 /* AppDelegate.m */ = {isa = PBXFileReference; lastKnownFileType = sourcecode.c.objc; path = AppDelegate.m; sourceTree = "<group>"; };
		1CBA5C3426899D6A007DBFE0 /* SceneDelegate.h */ = {isa = PBXFileReference; lastKnownFileType = sourcecode.c.h; path = SceneDelegate.h; sourceTree = "<group>"; };
		1CBA5C3526899D6A007DBFE0 /* SceneDelegate.m */ = {isa = PBXFileReference; lastKnownFileType = sourcecode.c.objc; path = SceneDelegate.m; sourceTree = "<group>"; };
		1CBA5C3726899D6A007DBFE0 /* ViewController.h */ = {isa = PBXFileReference; lastKnownFileType = sourcecode.c.h; path = ViewController.h; sourceTree = "<group>"; };
		1CBA5C3826899D6A007DBFE0 /* ViewController.m */ = {isa = PBXFileReference; lastKnownFileType = sourcecode.c.objc; path = ViewController.m; sourceTree = "<group>"; };
		1CBA5C3B26899D6A007DBFE0 /* Base */ = {isa = PBXFileReference; lastKnownFileType = file.storyboard; name = Base; path = Base.lproj/Main.storyboard; sourceTree = "<group>"; };
		1CBA5C3D26899D6A007DBFE0 /* Assets.xcassets */ = {isa = PBXFileReference; lastKnownFileType = folder.assetcatalog; path = Assets.xcassets; sourceTree = "<group>"; };
		1CBA5C4026899D6A007DBFE0 /* Base */ = {isa = PBXFileReference; lastKnownFileType = file.storyboard; name = Base; path = Base.lproj/LaunchScreen.storyboard; sourceTree = "<group>"; };
		1CBA5C4226899D6A007DBFE0 /* Info.plist */ = {isa = PBXFileReference; lastKnownFileType = text.plist.xml; path = Info.plist; sourceTree = "<group>"; };
		1CBA5C4326899D6A007DBFE0 /* main.m */ = {isa = PBXFileReference; lastKnownFileType = sourcecode.c.objc; path = main.m; sourceTree = "<group>"; };
		1CBA5C8E2689E12F007DBFE0 /* HiCornerView.h */ = {isa = PBXFileReference; lastKnownFileType = sourcecode.c.h; path = HiCornerView.h; sourceTree = "<group>"; };
		1CBA5C8F2689E12F007DBFE0 /* HiCornerView.m */ = {isa = PBXFileReference; lastKnownFileType = sourcecode.c.objc; path = HiCornerView.m; sourceTree = "<group>"; };
		459119AF7F87401982AFB011 /* Pods-HIExension.release.xcconfig */ = {isa = PBXFileReference; includeInIndex = 1; lastKnownFileType = text.xcconfig; name = "Pods-HIExension.release.xcconfig"; path = "Target Support Files/Pods-HIExension/Pods-HIExension.release.xcconfig"; sourceTree = "<group>"; };
		7AD73589D6C5388C049EBBA0 /* libPods-HIExension.a */ = {isa = PBXFileReference; explicitFileType = archive.ar; includeInIndex = 0; path = "libPods-HIExension.a"; sourceTree = BUILT_PRODUCTS_DIR; };
		94F3F08E7B1CC0A58D901FEA /* Pods-HIExension.debug.xcconfig */ = {isa = PBXFileReference; includeInIndex = 1; lastKnownFileType = text.xcconfig; name = "Pods-HIExension.debug.xcconfig"; path = "Target Support Files/Pods-HIExension/Pods-HIExension.debug.xcconfig"; sourceTree = "<group>"; };
/* End PBXFileReference section */

/* Begin PBXFrameworksBuildPhase section */
		1CBA5C2B26899D6A007DBFE0 /* Frameworks */ = {
			isa = PBXFrameworksBuildPhase;
			buildActionMask = 2147483647;
			files = (
				75D67B6C817BFA05F0DC8BBE /* libPods-HIExension.a in Frameworks */,
			);
			runOnlyForDeploymentPostprocessing = 0;
		};
/* End PBXFrameworksBuildPhase section */

/* Begin PBXGroup section */
		1CBA5C2526899D6A007DBFE0 = {
			isa = PBXGroup;
			children = (
				1CBA5C3026899D6A007DBFE0 /* HIExension */,
				1CBA5C2F26899D6A007DBFE0 /* Products */,
				9DCF1FF2F079D630704AD49F /* Pods */,
				EEFE931074FDDB8EEA7D7CE5 /* Frameworks */,
			);
			sourceTree = "<group>";
		};
		1CBA5C2F26899D6A007DBFE0 /* Products */ = {
			isa = PBXGroup;
			children = (
				1CBA5C2E26899D6A007DBFE0 /* HIExension.app */,
			);
			name = Products;
			sourceTree = "<group>";
		};
		1CBA5C3026899D6A007DBFE0 /* HIExension */ = {
			isa = PBXGroup;
			children = (
				1CBA5C3126899D6A007DBFE0 /* AppDelegate.h */,
				1CBA5C3226899D6A007DBFE0 /* AppDelegate.m */,
				1CBA5C3426899D6A007DBFE0 /* SceneDelegate.h */,
				1CBA5C3526899D6A007DBFE0 /* SceneDelegate.m */,
				1CBA5C3726899D6A007DBFE0 /* ViewController.h */,
				1CBA5C3826899D6A007DBFE0 /* ViewController.m */,
				1CBA5C8E2689E12F007DBFE0 /* HiCornerView.h */,
				1CBA5C8F2689E12F007DBFE0 /* HiCornerView.m */,
				1CBA5C3A26899D6A007DBFE0 /* Main.storyboard */,
				1CBA5C3D26899D6A007DBFE0 /* Assets.xcassets */,
				1CBA5C3F26899D6A007DBFE0 /* LaunchScreen.storyboard */,
				1CBA5C4226899D6A007DBFE0 /* Info.plist */,
				1CBA5C4326899D6A007DBFE0 /* main.m */,
			);
			path = HIExension;
			sourceTree = "<group>";
		};
		9DCF1FF2F079D630704AD49F /* Pods */ = {
			isa = PBXGroup;
			children = (
				94F3F08E7B1CC0A58D901FEA /* Pods-HIExension.debug.xcconfig */,
				459119AF7F87401982AFB011 /* Pods-HIExension.release.xcconfig */,
			);
			path = Pods;
			sourceTree = "<group>";
		};
		EEFE931074FDDB8EEA7D7CE5 /* Frameworks */ = {
			isa = PBXGroup;
			children = (
				7AD73589D6C5388C049EBBA0 /* libPods-HIExension.a */,
			);
			name = Frameworks;
			sourceTree = "<group>";
		};
/* End PBXGroup section */

/* Begin PBXNativeTarget section */
		1CBA5C2D26899D6A007DBFE0 /* HIExension */ = {
			isa = PBXNativeTarget;
			buildConfigurationList = 1CBA5C4726899D6A007DBFE0 /* Build configuration list for PBXNativeTarget "HIExension" */;
			buildPhases = (
				532F7519E8C7D5EB7FC39428 /* [CP] Check Pods Manifest.lock */,
				1CBA5C2A26899D6A007DBFE0 /* Sources */,
				1CBA5C2B26899D6A007DBFE0 /* Frameworks */,
				1CBA5C2C26899D6A007DBFE0 /* Resources */,
			);
			buildRules = (
			);
			dependencies = (
			);
			name = HIExension;
			productName = HIExension;
			productReference = 1CBA5C2E26899D6A007DBFE0 /* HIExension.app */;
			productType = "com.apple.product-type.application";
		};
/* End PBXNativeTarget section */

/* Begin PBXProject section */
		1CBA5C2626899D6A007DBFE0 /* Project object */ = {
			isa = PBXProject;
			attributes = {
				LastUpgradeCheck = 1250;
				TargetAttributes = {
					1CBA5C2D26899D6A007DBFE0 = {
						CreatedOnToolsVersion = 12.5;
					};
				};
			};
			buildConfigurationList = 1CBA5C2926899D6A007DBFE0 /* Build configuration list for PBXProject "HIExension" */;
			compatibilityVersion = "Xcode 9.3";
			developmentRegion = en;
			hasScannedForEncodings = 0;
			knownRegions = (
				en,
				Base,
			);
			mainGroup = 1CBA5C2526899D6A007DBFE0;
			productRefGroup = 1CBA5C2F26899D6A007DBFE0 /* Products */;
			projectDirPath = "";
			projectRoot = "";
			targets = (
				1CBA5C2D26899D6A007DBFE0 /* HIExension */,
			);
		};
/* End PBXProject section */

/* Begin PBXResourcesBuildPhase section */
		1CBA5C2C26899D6A007DBFE0 /* Resources */ = {
			isa = PBXResourcesBuildPhase;
			buildActionMask = 2147483647;
			files = (
				1CBA5C4126899D6A007DBFE0 /* LaunchScreen.storyboard in Resources */,
				1CBA5C3E26899D6A007DBFE0 /* Assets.xcassets in Resources */,
				1CBA5C3C26899D6A007DBFE0 /* Main.storyboard in Resources */,
			);
			runOnlyForDeploymentPostprocessing = 0;
		};
/* End PBXResourcesBuildPhase section */

/* Begin PBXShellScriptBuildPhase section */
		532F7519E8C7D5EB7FC39428 /* [CP] Check Pods Manifest.lock */ = {
			isa = PBXShellScriptBuildPhase;
			buildActionMask = 2147483647;
			files = (
			);
			inputFileListPaths = (
			);
			inputPaths = (
				"${PODS_PODFILE_DIR_PATH}/Podfile.lock",
				"${PODS_ROOT}/Manifest.lock",
			);
			name = "[CP] Check Pods Manifest.lock";
			outputFileListPaths = (
			);
			outputPaths = (
				"$(DERIVED_FILE_DIR)/Pods-HIExension-checkManifestLockResult.txt",
			);
			runOnlyForDeploymentPostprocessing = 0;
			shellPath = /bin/sh;
			shellScript = "diff \"${PODS_PODFILE_DIR_PATH}/Podfile.lock\" \"${PODS_ROOT}/Manifest.lock\" > /dev/null\nif [ $? != 0 ] ; then\n    # print error to STDERR\n    echo \"error: The sandbox is not in sync with the Podfile.lock. Run 'pod install' or update your CocoaPods installation.\" >&2\n    exit 1\nfi\n# This output is used by Xcode 'outputs' to avoid re-running this script phase.\necho \"SUCCESS\" > \"${SCRIPT_OUTPUT_FILE_0}\"\n";
			showEnvVarsInLog = 0;
		};
/* End PBXShellScriptBuildPhase section */

/* Begin PBXSourcesBuildPhase section */
		1CBA5C2A26899D6A007DBFE0 /* Sources */ = {
			isa = PBXSourcesBuildPhase;
			buildActionMask = 2147483647;
			files = (
				1CBA5C3926899D6A007DBFE0 /* ViewController.m in Sources */,
				1CBA5C902689E12F007DBFE0 /* HiCornerView.m in Sources */,
				1CBA5C3326899D6A007DBFE0 /* AppDelegate.m in Sources */,
				1CBA5C4426899D6A007DBFE0 /* main.m in Sources */,
				1CBA5C3626899D6A007DBFE0 /* SceneDelegate.m in Sources */,
			);
			runOnlyForDeploymentPostprocessing = 0;
		};
/* End PBXSourcesBuildPhase section */

/* Begin PBXVariantGroup section */
		1CBA5C3A26899D6A007DBFE0 /* Main.storyboard */ = {
			isa = PBXVariantGroup;
			children = (
				1CBA5C3B26899D6A007DBFE0 /* Base */,
			);
			name = Main.storyboard;
			sourceTree = "<group>";
		};
		1CBA5C3F26899D6A007DBFE0 /* LaunchScreen.storyboard */ = {
			isa = PBXVariantGroup;
			children = (
				1CBA5C4026899D6A007DBFE0 /* Base */,
			);
			name = LaunchScreen.storyboard;
			sourceTree = "<group>";
		};
/* End PBXVariantGroup section */

/* Begin XCBuildConfiguration section */
		1CBA5C4526899D6A007DBFE0 /* Debug */ = {
			isa = XCBuildConfiguration;
			buildSettings = {
				ALWAYS_SEARCH_USER_PATHS = NO;
				CLANG_ANALYZER_NONNULL = YES;
				CLANG_ANALYZER_NUMBER_OBJECT_CONVERSION = YES_AGGRESSIVE;
				CLANG_CXX_LANGUAGE_STANDARD = "gnu++14";
				CLANG_CXX_LIBRARY = "libc++";
				CLANG_ENABLE_MODULES = YES;
				CLANG_ENABLE_OBJC_ARC = YES;
				CLANG_ENABLE_OBJC_WEAK = YES;
				CLANG_WARN_BLOCK_CAPTURE_AUTORELEASING = YES;
				CLANG_WARN_BOOL_CONVERSION = YES;
				CLANG_WARN_COMMA = YES;
				CLANG_WARN_CONSTANT_CONVERSION = YES;
				CLANG_WARN_DEPRECATED_OBJC_IMPLEMENTATIONS = YES;
				CLANG_WARN_DIRECT_OBJC_ISA_USAGE = YES_ERROR;
				CLANG_WARN_DOCUMENTATION_COMMENTS = YES;
				CLANG_WARN_EMPTY_BODY = YES;
				CLANG_WARN_ENUM_CONVERSION = YES;
				CLANG_WARN_INFINITE_RECURSION = YES;
				CLANG_WARN_INT_CONVERSION = YES;
				CLANG_WARN_NON_LITERAL_NULL_CONVERSION = YES;
				CLANG_WARN_OBJC_IMPLICIT_RETAIN_SELF = YES;
				CLANG_WARN_OBJC_LITERAL_CONVERSION = YES;
				CLANG_WARN_OBJC_ROOT_CLASS = YES_ERROR;
				CLANG_WARN_QUOTED_INCLUDE_IN_FRAMEWORK_HEADER = YES;
				CLANG_WARN_RANGE_LOOP_ANALYSIS = YES;
				CLANG_WARN_STRICT_PROTOTYPES = YES;
				CLANG_WARN_SUSPICIOUS_MOVE = YES;
				CLANG_WARN_UNGUARDED_AVAILABILITY = YES_AGGRESSIVE;
				CLANG_WARN_UNREACHABLE_CODE = YES;
				CLANG_WARN__DUPLICATE_METHOD_MATCH = YES;
				COPY_PHASE_STRIP = NO;
				DEBUG_INFORMATION_FORMAT = dwarf;
				ENABLE_STRICT_OBJC_MSGSEND = YES;
				ENABLE_TESTABILITY = YES;
				GCC_C_LANGUAGE_STANDARD = gnu11;
				GCC_DYNAMIC_NO_PIC = NO;
				GCC_NO_COMMON_BLOCKS = YES;
				GCC_OPTIMIZATION_LEVEL = 0;
				GCC_PREPROCESSOR_DEFINITIONS = (
					"DEBUG=1",
					"$(inherited)",
				);
				GCC_WARN_64_TO_32_BIT_CONVERSION = YES;
				GCC_WARN_ABOUT_RETURN_TYPE = YES_ERROR;
				GCC_WARN_UNDECLARED_SELECTOR = YES;
				GCC_WARN_UNINITIALIZED_AUTOS = YES_AGGRESSIVE;
				GCC_WARN_UNUSED_FUNCTION = YES;
				GCC_WARN_UNUSED_VARIABLE = YES;
				IPHONEOS_DEPLOYMENT_TARGET = 9.0;
				MTL_ENABLE_DEBUG_INFO = INCLUDE_SOURCE;
				MTL_FAST_MATH = YES;
				ONLY_ACTIVE_ARCH = YES;
				SDKROOT = iphoneos;
			};
			name = Debug;
		};
		1CBA5C4626899D6A007DBFE0 /* Release */ = {
			isa = XCBuildConfiguration;
			buildSettings = {
				ALWAYS_SEARCH_USER_PATHS = NO;
				CLANG_ANALYZER_NONNULL = YES;
				CLANG_ANALYZER_NUMBER_OBJECT_CONVERSION = YES_AGGRESSIVE;
				CLANG_CXX_LANGUAGE_STANDARD = "gnu++14";
				CLANG_CXX_LIBRARY = "libc++";
				CLANG_ENABLE_MODULES = YES;
				CLANG_ENABLE_OBJC_ARC = YES;
				CLANG_ENABLE_OBJC_WEAK = YES;
				CLANG_WARN_BLOCK_CAPTURE_AUTORELEASING = YES;
				CLANG_WARN_BOOL_CONVERSION = YES;
				CLANG_WARN_COMMA = YES;
				CLANG_WARN_CONSTANT_CONVERSION = YES;
				CLANG_WARN_DEPRECATED_OBJC_IMPLEMENTATIONS = YES;
				CLANG_WARN_DIRECT_OBJC_ISA_USAGE = YES_ERROR;
				CLANG_WARN_DOCUMENTATION_COMMENTS = YES;
				CLANG_WARN_EMPTY_BODY = YES;
				CLANG_WARN_ENUM_CONVERSION = YES;
				CLANG_WARN_INFINITE_RECURSION = YES;
				CLANG_WARN_INT_CONVERSION = YES;
				CLANG_WARN_NON_LITERAL_NULL_CONVERSION = YES;
				CLANG_WARN_OBJC_IMPLICIT_RETAIN_SELF = YES;
				CLANG_WARN_OBJC_LITERAL_CONVERSION = YES;
				CLANG_WARN_OBJC_ROOT_CLASS = YES_ERROR;
				CLANG_WARN_QUOTED_INCLUDE_IN_FRAMEWORK_HEADER = YES;
				CLANG_WARN_RANGE_LOOP_ANALYSIS = YES;
				CLANG_WARN_STRICT_PROTOTYPES = YES;
				CLANG_WARN_SUSPICIOUS_MOVE = YES;
				CLANG_WARN_UNGUARDED_AVAILABILITY = YES_AGGRESSIVE;
				CLANG_WARN_UNREACHABLE_CODE = YES;
				CLANG_WARN__DUPLICATE_METHOD_MATCH = YES;
				COPY_PHASE_STRIP = NO;
				DEBUG_INFORMATION_FORMAT = "dwarf-with-dsym";
				ENABLE_NS_ASSERTIONS = NO;
				ENABLE_STRICT_OBJC_MSGSEND = YES;
				GCC_C_LANGUAGE_STANDARD = gnu11;
				GCC_NO_COMMON_BLOCKS = YES;
				GCC_WARN_64_TO_32_BIT_CONVERSION = YES;
				GCC_WARN_ABOUT_RETURN_TYPE = YES_ERROR;
				GCC_WARN_UNDECLARED_SELECTOR = YES;
				GCC_WARN_UNINITIALIZED_AUTOS = YES_AGGRESSIVE;
				GCC_WARN_UNUSED_FUNCTION = YES;
				GCC_WARN_UNUSED_VARIABLE = YES;
				IPHONEOS_DEPLOYMENT_TARGET = 9.0;
				MTL_ENABLE_DEBUG_INFO = NO;
				MTL_FAST_MATH = YES;
				SDKROOT = iphoneos;
				VALIDATE_PRODUCT = YES;
			};
			name = Release;
		};
		1CBA5C4826899D6A007DBFE0 /* Debug */ = {
			isa = XCBuildConfiguration;
			baseConfigurationReference = 94F3F08E7B1CC0A58D901FEA /* Pods-HIExension.debug.xcconfig */;
			buildSettings = {
				ASSETCATALOG_COMPILER_APPICON_NAME = AppIcon;
				ASSETCATALOG_COMPILER_GLOBAL_ACCENT_COLOR_NAME = AccentColor;
				CODE_SIGN_STYLE = Automatic;
				INFOPLIST_FILE = HIExension/Info.plist;
				LD_RUNPATH_SEARCH_PATHS = (
					"$(inherited)",
					"@executable_path/Frameworks",
				);
				PRODUCT_BUNDLE_IDENTIFIER = four.com.HIExension;
				PRODUCT_NAME = "$(TARGET_NAME)";
				TARGETED_DEVICE_FAMILY = "1,2";
			};
			name = Debug;
		};
		1CBA5C4926899D6A007DBFE0 /* Release */ = {
			isa = XCBuildConfiguration;
			baseConfigurationReference = 459119AF7F87401982AFB011 /* Pods-HIExension.release.xcconfig */;
			buildSettings = {
				ASSETCATALOG_COMPILER_APPICON_NAME = AppIcon;
				ASSETCATALOG_COMPILER_GLOBAL_ACCENT_COLOR_NAME = AccentColor;
				CODE_SIGN_STYLE = Automatic;
				INFOPLIST_FILE = HIExension/Info.plist;
				LD_RUNPATH_SEARCH_PATHS = (
					"$(inherited)",
					"@executable_path/Frameworks",
				);
				PRODUCT_BUNDLE_IDENTIFIER = four.com.HIExension;
				PRODUCT_NAME = "$(TARGET_NAME)";
				TARGETED_DEVICE_FAMILY = "1,2";
			};
			name = Release;
		};
/* End XCBuildConfiguration section */

/* Begin XCConfigurationList section */
		1CBA5C2926899D6A007DBFE0 /* Build configuration list for PBXProject "HIExension" */ = {
			isa = XCConfigurationList;
			buildConfigurations = (
				1CBA5C4526899D6A007DBFE0 /* Debug */,
				1CBA5C4626899D6A007DBFE0 /* Release */,
			);
			defaultConfigurationIsVisible = 0;
			defaultConfigurationName = Release;
		};
		1CBA5C4726899D6A007DBFE0 /* Build configuration list for PBXNativeTarget "HIExension" */ = {
			isa = XCConfigurationList;
			buildConfigurations = (
				1CBA5C4826899D6A007DBFE0 /* Debug */,
				1CBA5C4926899D6A007DBFE0 /* Release */,
			);
			defaultConfigurationIsVisible = 0;
			defaultConfigurationName = Release;
		};
/* End XCConfigurationList section */
	};
	rootObject = 1CBA5C2626899D6A007DBFE0 /* Project object */;
}
